PODS:
  - FMDB (2.4):
    - FMDB/standard
  - FMDB/common (2.4)
  - FMDB/standard (2.4):
    - FMDB/common
  - SQLCipher (3.1.0):
    - SQLCipher/standard
  - SQLCipher/common (3.1.0)
  - SQLCipher/standard (3.1.0):
    - SQLCipher/common

DEPENDENCIES:
  - FMDB
  - SQLCipher

SPEC CHECKSUMS:
  FMDB: 0b2fa25e5264ef177973c0cb8c02c711107979aa
  SQLCipher: 981110217eb93c2779c34fb59e646a1c1da918d8

COCOAPODS: 0.34.1
